
Microsoft Visual Studio Solution File, Format Version 12.00
# Visual Studio Version 17
VisualStudioVersion = 17.13.35828.75 d17.13
MinimumVisualStudioVersion = 10.0.40219.1
Project("{FAE04EC0-301F-11D3-BF4B-00C04F79EFBC}") = "PureCrypterPunisher", "PureCrypterPunisher.csproj", "{78102FFB-4167-4890-8804-81BB4769AE8D}"
EndProject
Global
	GlobalSection(SolutionConfigurationPlatforms) = preSolution
		Debug|Any CPU = Debug|Any CPU
		Release|Any CPU = Release|Any CPU
	EndGlobalSection
	GlobalSection(ProjectConfigurationPlatforms) = postSolution
		{78102FFB-4167-4890-8804-81BB4769AE8D}.Debug|Any CPU.ActiveCfg = Debug|Any CPU
		{78102FFB-4167-4890-8804-81BB4769AE8D}.Debug|Any CPU.Build.0 = Debug|Any CPU
		{78102FFB-4167-4890-8804-81BB4769AE8D}.Release|Any CPU.ActiveCfg = Release|Any CPU
		{78102FFB-4167-4890-8804-81BB4769AE8D}.Release|Any CPU.Build.0 = Release|Any CPU
	EndGlobalSection
	GlobalSection(SolutionProperties) = preSolution
		HideSolutionNode = FALSE
	EndGlobalSection
	GlobalSection(ExtensibilityGlobals) = postSolution
		SolutionGuid = {833BCFC3-966B-4EBD-8CA3-C8DC242A1989}
	EndGlobalSection
EndGlobal
